// !$*UTF8*$!
{
	archiveVersion = 1;
	classes = {
	};
	objectVersion = 56;
	objects = {

/* Begin PBXBuildFile section */
		C21EF13A2A8B64F700773221 /* FeedCell.swift in Sources */ = {isa = PBXBuildFile; fileRef = C21EF1392A8B64F700773221 /* FeedCell.swift */; };
		C24097182A88EA33002D2FB5 /* FeedController.swift in Sources */ = {isa = PBXBuildFile; fileRef = C24097172A88EA33002D2FB5 /* FeedController.swift */; };
		C240971A2A88EA49002D2FB5 /* NotificationController.swift in Sources */ = {isa = PBXBuildFile; fileRef = C24097192A88EA49002D2FB5 /* NotificationController.swift */; };
		C240971C2A88EA6D002D2FB5 /* ImageSelectController.swift in Sources */ = {isa = PBXBuildFile; fileRef = C240971B2A88EA6D002D2FB5 /* ImageSelectController.swift */; };
		C240971E2A88EA98002D2FB5 /* SearchController.swift in Sources */ = {isa = PBXBuildFile; fileRef = C240971D2A88EA98002D2FB5 /* SearchController.swift */; };
		C24097202A88EAD2002D2FB5 /* ProfileController.swift in Sources */ = {isa = PBXBuildFile; fileRef = C240971F2A88EAD2002D2FB5 /* ProfileController.swift */; };
		C24097222A890372002D2FB5 /* Extension.swift in Sources */ = {isa = PBXBuildFile; fileRef = C24097212A890372002D2FB5 /* Extension.swift */; };
		C25B73F42A889D01003FFBF1 /* AppDelegate.swift in Sources */ = {isa = PBXBuildFile; fileRef = C25B73F32A889D01003FFBF1 /* AppDelegate.swift */; };
		C25B73F62A889D01003FFBF1 /* SceneDelegate.swift in Sources */ = {isa = PBXBuildFile; fileRef = C25B73F52A889D01003FFBF1 /* SceneDelegate.swift */; };
		C25B73F82A889D01003FFBF1 /* ViewController.swift in Sources */ = {isa = PBXBuildFile; fileRef = C25B73F72A889D01003FFBF1 /* ViewController.swift */; };
		C25B73FB2A889D01003FFBF1 /* Main.storyboard in Resources */ = {isa = PBXBuildFile; fileRef = C25B73F92A889D01003FFBF1 /* Main.storyboard */; };
		C25B73FD2A889D01003FFBF1 /* Assets.xcassets in Resources */ = {isa = PBXBuildFile; fileRef = C25B73FC2A889D01003FFBF1 /* Assets.xcassets */; };
		C25B74002A889D01003FFBF1 /* LaunchScreen.storyboard in Resources */ = {isa = PBXBuildFile; fileRef = C25B73FE2A889D01003FFBF1 /* LaunchScreen.storyboard */; };
		C25B740E2A88A532003FFBF1 /* MainTabBarController.swift in Sources */ = {isa = PBXBuildFile; fileRef = C25B740D2A88A531003FFBF1 /* MainTabBarController.swift */; };
/* End PBXBuildFile section */

/* Begin PBXFileReference section */
		C21EF1392A8B64F700773221 /* FeedCell.swift */ = {isa = PBXFileReference; lastKnownFileType = sourcecode.swift; path = FeedCell.swift; sourceTree = "<group>"; };
		C24097172A88EA33002D2FB5 /* FeedController.swift */ = {isa = PBXFileReference; lastKnownFileType = sourcecode.swift; path = FeedController.swift; sourceTree = "<group>"; };
		C24097192A88EA49002D2FB5 /* NotificationController.swift */ = {isa = PBXFileReference; lastKnownFileType = sourcecode.swift; path = NotificationController.swift; sourceTree = "<group>"; };
		C240971B2A88EA6D002D2FB5 /* ImageSelectController.swift */ = {isa = PBXFileReference; lastKnownFileType = sourcecode.swift; path = ImageSelectController.swift; sourceTree = "<group>"; };
		C240971D2A88EA98002D2FB5 /* SearchController.swift */ = {isa = PBXFileReference; lastKnownFileType = sourcecode.swift; path = SearchController.swift; sourceTree = "<group>"; };
		C240971F2A88EAD2002D2FB5 /* ProfileController.swift */ = {isa = PBXFileReference; lastKnownFileType = sourcecode.swift; path = ProfileController.swift; sourceTree = "<group>"; };
		C24097212A890372002D2FB5 /* Extension.swift */ = {isa = PBXFileReference; lastKnownFileType = sourcecode.swift; path = Extension.swift; sourceTree = "<group>"; };
		C25B73F02A889D01003FFBF1 /* SocialApp.app */ = {isa = PBXFileReference; explicitFileType = wrapper.application; includeInIndex = 0; path = SocialApp.app; sourceTree = BUILT_PRODUCTS_DIR; };
		C25B73F32A889D01003FFBF1 /* AppDelegate.swift */ = {isa = PBXFileReference; lastKnownFileType = sourcecode.swift; path = AppDelegate.swift; sourceTree = "<group>"; };
		C25B73F52A889D01003FFBF1 /* SceneDelegate.swift */ = {isa = PBXFileReference; lastKnownFileType = sourcecode.swift; path = SceneDelegate.swift; sourceTree = "<group>"; };
		C25B73F72A889D01003FFBF1 /* ViewController.swift */ = {isa = PBXFileReference; lastKnownFileType = sourcecode.swift; path = ViewController.swift; sourceTree = "<group>"; };
		C25B73FA2A889D01003FFBF1 /* Base */ = {isa = PBXFileReference; lastKnownFileType = file.storyboard; name = Base; path = Base.lproj/Main.storyboard; sourceTree = "<group>"; };
		C25B73FC2A889D01003FFBF1 /* Assets.xcassets */ = {isa = PBXFileReference; lastKnownFileType = folder.assetcatalog; path = Assets.xcassets; sourceTree = "<group>"; };
		C25B73FF2A889D01003FFBF1 /* Base */ = {isa = PBXFileReference; lastKnownFileType = file.storyboard; name = Base; path = Base.lproj/LaunchScreen.storyboard; sourceTree = "<group>"; };
		C25B74012A889D01003FFBF1 /* Info.plist */ = {isa = PBXFileReference; lastKnownFileType = text.plist.xml; path = Info.plist; sourceTree = "<group>"; };
		C25B740D2A88A531003FFBF1 /* MainTabBarController.swift */ = {isa = PBXFileReference; lastKnownFileType = sourcecode.swift; path = MainTabBarController.swift; sourceTree = "<group>"; };
/* End PBXFileReference section */

/* Begin PBXFrameworksBuildPhase section */
		C25B73ED2A889D01003FFBF1 /* Frameworks */ = {
			isa = PBXFrameworksBuildPhase;
			buildActionMask = 2147483647;
			files = (
			);
			runOnlyForDeploymentPostprocessing = 0;
		};
/* End PBXFrameworksBuildPhase section */

/* Begin PBXGroup section */
		C25B73E72A889D01003FFBF1 = {
			isa = PBXGroup;
			children = (
				C25B73F22A889D01003FFBF1 /* SocialApp */,
				C25B73F12A889D01003FFBF1 /* Products */,
			);
			sourceTree = "<group>";
		};
		C25B73F12A889D01003FFBF1 /* Products */ = {
			isa = PBXGroup;
			children = (
				C25B73F02A889D01003FFBF1 /* SocialApp.app */,
			);
			name = Products;
			sourceTree = "<group>";
		};
		C25B73F22A889D01003FFBF1 /* SocialApp */ = {
			isa = PBXGroup;
			children = (
				C25B740C2A88A4B2003FFBF1 /* Controller */,
				C25B740B2A88A41D003FFBF1 /* Utill */,
				C25B740A2A88A410003FFBF1 /* API */,
				C25B74092A88A401003FFBF1 /* ViewModel */,
				C25B74082A88A3F8003FFBF1 /* View */,
				C25B74072A88A3E1003FFBF1 /* Model */,
				C25B73F32A889D01003FFBF1 /* AppDelegate.swift */,
				C25B73F52A889D01003FFBF1 /* SceneDelegate.swift */,
				C25B73F72A889D01003FFBF1 /* ViewController.swift */,
				C25B73F92A889D01003FFBF1 /* Main.storyboard */,
				C25B73FC2A889D01003FFBF1 /* Assets.xcassets */,
				C25B73FE2A889D01003FFBF1 /* LaunchScreen.storyboard */,
				C25B74012A889D01003FFBF1 /* Info.plist */,
			);
			path = SocialApp;
			sourceTree = "<group>";
		};
		C25B74072A88A3E1003FFBF1 /* Model */ = {
			isa = PBXGroup;
			children = (
			);
			path = Model;
			sourceTree = "<group>";
		};
		C25B74082A88A3F8003FFBF1 /* View */ = {
			isa = PBXGroup;
			children = (
				C21EF1392A8B64F700773221 /* FeedCell.swift */,
			);
			path = View;
			sourceTree = "<group>";
		};
		C25B74092A88A401003FFBF1 /* ViewModel */ = {
			isa = PBXGroup;
			children = (
			);
			path = ViewModel;
			sourceTree = "<group>";
		};
		C25B740A2A88A410003FFBF1 /* API */ = {
			isa = PBXGroup;
			children = (
			);
			path = API;
			sourceTree = "<group>";
		};
		C25B740B2A88A41D003FFBF1 /* Utill */ = {
			isa = PBXGroup;
			children = (
				C24097212A890372002D2FB5 /* Extension.swift */,
			);
			path = Utill;
			sourceTree = "<group>";
		};
		C25B740C2A88A4B2003FFBF1 /* Controller */ = {
			isa = PBXGroup;
			children = (
				C25B740D2A88A531003FFBF1 /* MainTabBarController.swift */,
				C24097172A88EA33002D2FB5 /* FeedController.swift */,
				C24097192A88EA49002D2FB5 /* NotificationController.swift */,
				C240971B2A88EA6D002D2FB5 /* ImageSelectController.swift */,
				C240971D2A88EA98002D2FB5 /* SearchController.swift */,
				C240971F2A88EAD2002D2FB5 /* ProfileController.swift */,
			);
			path = Controller;
			sourceTree = "<group>";
		};
/* End PBXGroup section */

/* Begin PBXNativeTarget section */
		C25B73EF2A889D01003FFBF1 /* SocialApp */ = {
			isa = PBXNativeTarget;
			buildConfigurationList = C25B74042A889D01003FFBF1 /* Build configuration list for PBXNativeTarget "SocialApp" */;
			buildPhases = (
				C25B73EC2A889D01003FFBF1 /* Sources */,
				C25B73ED2A889D01003FFBF1 /* Frameworks */,
				C25B73EE2A889D01003FFBF1 /* Resources */,
			);
			buildRules = (
			);
			dependencies = (
			);
			name = SocialApp;
			productName = SocialApp;
			productReference = C25B73F02A889D01003FFBF1 /* SocialApp.app */;
			productType = "com.apple.product-type.application";
		};
/* End PBXNativeTarget section */

/* Begin PBXProject section */
		C25B73E82A889D01003FFBF1 /* Project object */ = {
			isa = PBXProject;
			attributes = {
				BuildIndependentTargetsInParallel = 1;
				LastSwiftUpdateCheck = 1430;
				LastUpgradeCheck = 1430;
				TargetAttributes = {
					C25B73EF2A889D01003FFBF1 = {
						CreatedOnToolsVersion = 14.3.1;
					};
				};
			};
			buildConfigurationList = C25B73EB2A889D01003FFBF1 /* Build configuration list for PBXProject "SocialApp" */;
			compatibilityVersion = "Xcode 14.0";
			developmentRegion = en;
			hasScannedForEncodings = 0;
			knownRegions = (
				en,
				Base,
			);
			mainGroup = C25B73E72A889D01003FFBF1;
			productRefGroup = C25B73F12A889D01003FFBF1 /* Products */;
			projectDirPath = "";
			projectRoot = "";
			targets = (
				C25B73EF2A889D01003FFBF1 /* SocialApp */,
			);
		};
/* End PBXProject section */

/* Begin PBXResourcesBuildPhase section */
		C25B73EE2A889D01003FFBF1 /* Resources */ = {
			isa = PBXResourcesBuildPhase;
			buildActionMask = 2147483647;
			files = (
				C25B74002A889D01003FFBF1 /* LaunchScreen.storyboard in Resources */,
				C25B73FD2A889D01003FFBF1 /* Assets.xcassets in Resources */,
				C25B73FB2A889D01003FFBF1 /* Main.storyboard in Resources */,
			);
			runOnlyForDeploymentPostprocessing = 0;
		};
/* End PBXResourcesBuildPhase section */

/* Begin PBXSourcesBuildPhase section */
		C25B73EC2A889D01003FFBF1 /* Sources */ = {
			isa = PBXSourcesBuildPhase;
			buildActionMask = 2147483647;
			files = (
				C240971A2A88EA49002D2FB5 /* NotificationController.swift in Sources */,
				C25B73F82A889D01003FFBF1 /* ViewController.swift in Sources */,
				C25B73F42A889D01003FFBF1 /* AppDelegate.swift in Sources */,
				C240971E2A88EA98002D2FB5 /* SearchController.swift in Sources */,
				C24097182A88EA33002D2FB5 /* FeedController.swift in Sources */,
				C24097222A890372002D2FB5 /* Extension.swift in Sources */,
				C24097202A88EAD2002D2FB5 /* ProfileController.swift in Sources */,
				C21EF13A2A8B64F700773221 /* FeedCell.swift in Sources */,
				C240971C2A88EA6D002D2FB5 /* ImageSelectController.swift in Sources */,
				C25B740E2A88A532003FFBF1 /* MainTabBarController.swift in Sources */,
				C25B73F62A889D01003FFBF1 /* SceneDelegate.swift in Sources */,
			);
			runOnlyForDeploymentPostprocessing = 0;
		};
/* End PBXSourcesBuildPhase section */

/* Begin PBXVariantGroup section */
		C25B73F92A889D01003FFBF1 /* Main.storyboard */ = {
			isa = PBXVariantGroup;
			children = (
				C25B73FA2A889D01003FFBF1 /* Base */,
			);
			name = Main.storyboard;
			sourceTree = "<group>";
		};
		C25B73FE2A889D01003FFBF1 /* LaunchScreen.storyboard */ = {
			isa = PBXVariantGroup;
			children = (
				C25B73FF2A889D01003FFBF1 /* Base */,
			);
			name = LaunchScreen.storyboard;
			sourceTree = "<group>";
		};
/* End PBXVariantGroup section */

/* Begin XCBuildConfiguration section */
		C25B74022A889D01003FFBF1 /* Debug */ = {
			isa = XCBuildConfiguration;
			buildSettings = {
				ALWAYS_SEARCH_USER_PATHS = NO;
				CLANG_ANALYZER_NONNULL = YES;
				CLANG_ANALYZER_NUMBER_OBJECT_CONVERSION = YES_AGGRESSIVE;
				CLANG_CXX_LANGUAGE_STANDARD = "gnu++20";
				CLANG_ENABLE_MODULES = YES;
				CLANG_ENABLE_OBJC_ARC = YES;
				CLANG_ENABLE_OBJC_WEAK = YES;
				CLANG_WARN_BLOCK_CAPTURE_AUTORELEASING = YES;
				CLANG_WARN_BOOL_CONVERSION = YES;
				CLANG_WARN_COMMA = YES;
				CLANG_WARN_CONSTANT_CONVERSION = YES;
				CLANG_WARN_DEPRECATED_OBJC_IMPLEMENTATIONS = YES;
				CLANG_WARN_DIRECT_OBJC_ISA_USAGE = YES_ERROR;
				CLANG_WARN_DOCUMENTATION_COMMENTS = YES;
				CLANG_WARN_EMPTY_BODY = YES;
				CLANG_WARN_ENUM_CONVERSION = YES;
				CLANG_WARN_INFINITE_RECURSION = YES;
				CLANG_WARN_INT_CONVERSION = YES;
				CLANG_WARN_NON_LITERAL_NULL_CONVERSION = YES;
				CLANG_WARN_OBJC_IMPLICIT_RETAIN_SELF = YES;
				CLANG_WARN_OBJC_LITERAL_CONVERSION = YES;
				CLANG_WARN_OBJC_ROOT_CLASS = YES_ERROR;
				CLANG_WARN_QUOTED_INCLUDE_IN_FRAMEWORK_HEADER = YES;
				CLANG_WARN_RANGE_LOOP_ANALYSIS = YES;
				CLANG_WARN_STRICT_PROTOTYPES = YES;
				CLANG_WARN_SUSPICIOUS_MOVE = YES;
				CLANG_WARN_UNGUARDED_AVAILABILITY = YES_AGGRESSIVE;
				CLANG_WARN_UNREACHABLE_CODE = YES;
				CLANG_WARN__DUPLICATE_METHOD_MATCH = YES;
				COPY_PHASE_STRIP = NO;
				DEBUG_INFORMATION_FORMAT = dwarf;
				ENABLE_STRICT_OBJC_MSGSEND = YES;
				ENABLE_TESTABILITY = YES;
				GCC_C_LANGUAGE_STANDARD = gnu11;
				GCC_DYNAMIC_NO_PIC = NO;
				GCC_NO_COMMON_BLOCKS = YES;
				GCC_OPTIMIZATION_LEVEL = 0;
				GCC_PREPROCESSOR_DEFINITIONS = (
					"DEBUG=1",
					"$(inherited)",
				);
				GCC_WARN_64_TO_32_BIT_CONVERSION = YES;
				GCC_WARN_ABOUT_RETURN_TYPE = YES_ERROR;
				GCC_WARN_UNDECLARED_SELECTOR = YES;
				GCC_WARN_UNINITIALIZED_AUTOS = YES_AGGRESSIVE;
				GCC_WARN_UNUSED_FUNCTION = YES;
				GCC_WARN_UNUSED_VARIABLE = YES;
				IPHONEOS_DEPLOYMENT_TARGET = 16.4;
				MTL_ENABLE_DEBUG_INFO = INCLUDE_SOURCE;
				MTL_FAST_MATH = YES;
				ONLY_ACTIVE_ARCH = YES;
				SDKROOT = iphoneos;
				SWIFT_ACTIVE_COMPILATION_CONDITIONS = DEBUG;
				SWIFT_OPTIMIZATION_LEVEL = "-Onone";
			};
			name = Debug;
		};
		C25B74032A889D01003FFBF1 /* Release */ = {
			isa = XCBuildConfiguration;
			buildSettings = {
				ALWAYS_SEARCH_USER_PATHS = NO;
				CLANG_ANALYZER_NONNULL = YES;
				CLANG_ANALYZER_NUMBER_OBJECT_CONVERSION = YES_AGGRESSIVE;
				CLANG_CXX_LANGUAGE_STANDARD = "gnu++20";
				CLANG_ENABLE_MODULES = YES;
				CLANG_ENABLE_OBJC_ARC = YES;
				CLANG_ENABLE_OBJC_WEAK = YES;
				CLANG_WARN_BLOCK_CAPTURE_AUTORELEASING = YES;
				CLANG_WARN_BOOL_CONVERSION = YES;
				CLANG_WARN_COMMA = YES;
				CLANG_WARN_CONSTANT_CONVERSION = YES;
				CLANG_WARN_DEPRECATED_OBJC_IMPLEMENTATIONS = YES;
				CLANG_WARN_DIRECT_OBJC_ISA_USAGE = YES_ERROR;
				CLANG_WARN_DOCUMENTATION_COMMENTS = YES;
				CLANG_WARN_EMPTY_BODY = YES;
				CLANG_WARN_ENUM_CONVERSION = YES;
				CLANG_WARN_INFINITE_RECURSION = YES;
				CLANG_WARN_INT_CONVERSION = YES;
				CLANG_WARN_NON_LITERAL_NULL_CONVERSION = YES;
				CLANG_WARN_OBJC_IMPLICIT_RETAIN_SELF = YES;
				CLANG_WARN_OBJC_LITERAL_CONVERSION = YES;
				CLANG_WARN_OBJC_ROOT_CLASS = YES_ERROR;
				CLANG_WARN_QUOTED_INCLUDE_IN_FRAMEWORK_HEADER = YES;
				CLANG_WARN_RANGE_LOOP_ANALYSIS = YES;
				CLANG_WARN_STRICT_PROTOTYPES = YES;
				CLANG_WARN_SUSPICIOUS_MOVE = YES;
				CLANG_WARN_UNGUARDED_AVAILABILITY = YES_AGGRESSIVE;
				CLANG_WARN_UNREACHABLE_CODE = YES;
				CLANG_WARN__DUPLICATE_METHOD_MATCH = YES;
				COPY_PHASE_STRIP = NO;
				DEBUG_INFORMATION_FORMAT = "dwarf-with-dsym";
				ENABLE_NS_ASSERTIONS = NO;
				ENABLE_STRICT_OBJC_MSGSEND = YES;
				GCC_C_LANGUAGE_STANDARD = gnu11;
				GCC_NO_COMMON_BLOCKS = YES;
				GCC_WARN_64_TO_32_BIT_CONVERSION = YES;
				GCC_WARN_ABOUT_RETURN_TYPE = YES_ERROR;
				GCC_WARN_UNDECLARED_SELECTOR = YES;
				GCC_WARN_UNINITIALIZED_AUTOS = YES_AGGRESSIVE;
				GCC_WARN_UNUSED_FUNCTION = YES;
				GCC_WARN_UNUSED_VARIABLE = YES;
				IPHONEOS_DEPLOYMENT_TARGET = 16.4;
				MTL_ENABLE_DEBUG_INFO = NO;
				MTL_FAST_MATH = YES;
				SDKROOT = iphoneos;
				SWIFT_COMPILATION_MODE = wholemodule;
				SWIFT_OPTIMIZATION_LEVEL = "-O";
				VALIDATE_PRODUCT = YES;
			};
			name = Release;
		};
		C25B74052A889D01003FFBF1 /* Debug */ = {
			isa = XCBuildConfiguration;
			buildSettings = {
				ASSETCATALOG_COMPILER_APPICON_NAME = AppIcon;
				ASSETCATALOG_COMPILER_GLOBAL_ACCENT_COLOR_NAME = AccentColor;
				CODE_SIGN_STYLE = Automatic;
				CURRENT_PROJECT_VERSION = 1;
				DEVELOPMENT_TEAM = 8AWCJTWVXM;
				GENERATE_INFOPLIST_FILE = YES;
				INFOPLIST_FILE = SocialApp/Info.plist;
				INFOPLIST_KEY_UIApplicationSupportsIndirectInputEvents = YES;
				INFOPLIST_KEY_UILaunchStoryboardName = LaunchScreen;
				INFOPLIST_KEY_UIMainStoryboardFile = Main;
				INFOPLIST_KEY_UISupportedInterfaceOrientations_iPad = "UIInterfaceOrientationPortrait UIInterfaceOrientationPortraitUpsideDown UIInterfaceOrientationLandscapeLeft UIInterfaceOrientationLandscapeRight";
				INFOPLIST_KEY_UISupportedInterfaceOrientations_iPhone = "UIInterfaceOrientationPortrait UIInterfaceOrientationLandscapeLeft UIInterfaceOrientationLandscapeRight";
				IPHONEOS_DEPLOYMENT_TARGET = 13.0;
				LD_RUNPATH_SEARCH_PATHS = (
					"$(inherited)",
					"@executable_path/Frameworks",
				);
				MARKETING_VERSION = 1.0;
				PRODUCT_BUNDLE_IDENTIFIER = lanoon.SocialApp;
				PRODUCT_NAME = "$(TARGET_NAME)";
				SWIFT_EMIT_LOC_STRINGS = YES;
				SWIFT_VERSION = 5.0;
				TARGETED_DEVICE_FAMILY = "1,2";
			};
			name = Debug;
		};
		C25B74062A889D01003FFBF1 /* Release */ = {
			isa = XCBuildConfiguration;
			buildSettings = {
				ASSETCATALOG_COMPILER_APPICON_NAME = AppIcon;
				ASSETCATALOG_COMPILER_GLOBAL_ACCENT_COLOR_NAME = AccentColor;
				CODE_SIGN_STYLE = Automatic;
				CURRENT_PROJECT_VERSION = 1;
				DEVELOPMENT_TEAM = 8AWCJTWVXM;
				GENERATE_INFOPLIST_FILE = YES;
				INFOPLIST_FILE = SocialApp/Info.plist;
				INFOPLIST_KEY_UIApplicationSupportsIndirectInputEvents = YES;
				INFOPLIST_KEY_UILaunchStoryboardName = LaunchScreen;
				INFOPLIST_KEY_UIMainStoryboardFile = Main;
				INFOPLIST_KEY_UISupportedInterfaceOrientations_iPad = "UIInterfaceOrientationPortrait UIInterfaceOrientationPortraitUpsideDown UIInterfaceOrientationLandscapeLeft UIInterfaceOrientationLandscapeRight";
				INFOPLIST_KEY_UISupportedInterfaceOrientations_iPhone = "UIInterfaceOrientationPortrait UIInterfaceOrientationLandscapeLeft UIInterfaceOrientationLandscapeRight";
				IPHONEOS_DEPLOYMENT_TARGET = 13.0;
				LD_RUNPATH_SEARCH_PATHS = (
					"$(inherited)",
					"@executable_path/Frameworks",
				);
				MARKETING_VERSION = 1.0;
				PRODUCT_BUNDLE_IDENTIFIER = lanoon.SocialApp;
				PRODUCT_NAME = "$(TARGET_NAME)";
				SWIFT_EMIT_LOC_STRINGS = YES;
				SWIFT_VERSION = 5.0;
				TARGETED_DEVICE_FAMILY = "1,2";
			};
			name = Release;
		};
/* End XCBuildConfiguration section */

/* Begin XCConfigurationList section */
		C25B73EB2A889D01003FFBF1 /* Build configuration list for PBXProject "SocialApp" */ = {
			isa = XCConfigurationList;
			buildConfigurations = (
				C25B74022A889D01003FFBF1 /* Debug */,
				C25B74032A889D01003FFBF1 /* Release */,
			);
			defaultConfigurationIsVisible = 0;
			defaultConfigurationName = Release;
		};
		C25B74042A889D01003FFBF1 /* Build configuration list for PBXNativeTarget "SocialApp" */ = {
			isa = XCConfigurationList;
			buildConfigurations = (
				C25B74052A889D01003FFBF1 /* Debug */,
				C25B74062A889D01003FFBF1 /* Release */,
			);
			defaultConfigurationIsVisible = 0;
			defaultConfigurationName = Release;
		};
/* End XCConfigurationList section */
	};
	rootObject = C25B73E82A889D01003FFBF1 /* Project object */;
}
